<Solution>
  <Folder Name="/src/">
    <Project Path="src/TimeTracker.Api/TimeTracker.Api.csproj" />
    <Project Path="src/TimeTracker.Core/TimeTracker.Core.csproj" />
  </Folder>
  <Folder Name="/tests/">
    <Project Path="tests/TimeTracker.Tests/TimeTracker.Tests.csproj" />
  </Folder>
</Solution>
